// !$*UTF8*$!
{
	archiveVersion = 1;
	classes = {
	};
	objectVersion = 51;
	objects = {

/* Begin PBXBuildFile section */
		44F1CE2E6B85F6AD21E21202 /* Pods_JatAppTest.framework in Frameworks */ = {isa = PBXBuildFile; fileRef = 1518AC7FF4234ED1313D9465 /* Pods_JatAppTest.framework */; };
		CB2AF91525B1FBC500752411 /* SandboxRouter.swift in Sources */ = {isa = PBXBuildFile; fileRef = CB2AF91425B1FBC500752411 /* SandboxRouter.swift */; };
		CB2AF91825B1FBD500752411 /* SandboxManager.swift in Sources */ = {isa = PBXBuildFile; fileRef = CB2AF91725B1FBD500752411 /* SandboxManager.swift */; };
		CB2AF91C25B1FE1800752411 /* PersonModel.swift in Sources */ = {isa = PBXBuildFile; fileRef = CB2AF91B25B1FE1800752411 /* PersonModel.swift */; };
		CB2AF91F25B1FEA500752411 /* TextModel.swift in Sources */ = {isa = PBXBuildFile; fileRef = CB2AF91E25B1FEA500752411 /* TextModel.swift */; };
		CBA1656625B0CB66007AA668 /* AppDelegate.swift in Sources */ = {isa = PBXBuildFile; fileRef = CBA1656525B0CB66007AA668 /* AppDelegate.swift */; };
		CBA1656825B0CB66007AA668 /* SceneDelegate.swift in Sources */ = {isa = PBXBuildFile; fileRef = CBA1656725B0CB66007AA668 /* SceneDelegate.swift */; };
		CBA1656A25B0CB66007AA668 /* ViewController.swift in Sources */ = {isa = PBXBuildFile; fileRef = CBA1656925B0CB66007AA668 /* ViewController.swift */; };
		CBA1656D25B0CB66007AA668 /* Main.storyboard in Resources */ = {isa = PBXBuildFile; fileRef = CBA1656B25B0CB66007AA668 /* Main.storyboard */; };
		CBA1656F25B0CB67007AA668 /* Assets.xcassets in Resources */ = {isa = PBXBuildFile; fileRef = CBA1656E25B0CB67007AA668 /* Assets.xcassets */; };
		CBA1657225B0CB67007AA668 /* LaunchScreen.storyboard in Resources */ = {isa = PBXBuildFile; fileRef = CBA1657025B0CB67007AA668 /* LaunchScreen.storyboard */; };
		CBA1658125B0CE62007AA668 /* AppStoryboard.swift in Sources */ = {isa = PBXBuildFile; fileRef = CBA1658025B0CE62007AA668 /* AppStoryboard.swift */; };
		CBA1658625B0CEEF007AA668 /* ReuseIdentifying.swift in Sources */ = {isa = PBXBuildFile; fileRef = CBA1658525B0CEEF007AA668 /* ReuseIdentifying.swift */; };
		CBA1658C25B0CF42007AA668 /* UITableView+ReusableSupport.swift in Sources */ = {isa = PBXBuildFile; fileRef = CBA1658B25B0CF42007AA668 /* UITableView+ReusableSupport.swift */; };
		CBA165CA25B0D979007AA668 /* APIConfiguration.swift in Sources */ = {isa = PBXBuildFile; fileRef = CBA165C925B0D979007AA668 /* APIConfiguration.swift */; };
		CBA165CE25B0DB8D007AA668 /* NetworkConstants.swift in Sources */ = {isa = PBXBuildFile; fileRef = CBA165CD25B0DB8D007AA668 /* NetworkConstants.swift */; };
		CBA165D225B0DBEC007AA668 /* String+Visualizators.swift in Sources */ = {isa = PBXBuildFile; fileRef = CBA165D125B0DBEC007AA668 /* String+Visualizators.swift */; };
		CBA165D725B0DC74007AA668 /* CommonNetworkManager.swift in Sources */ = {isa = PBXBuildFile; fileRef = CBA165D625B0DC74007AA668 /* CommonNetworkManager.swift */; };
		CBA165DD25B0DCBB007AA668 /* RequestInterceptor.swift in Sources */ = {isa = PBXBuildFile; fileRef = CBA165DC25B0DCBB007AA668 /* RequestInterceptor.swift */; };
		CBA165E125B0DD29007AA668 /* KeychainService.swift in Sources */ = {isa = PBXBuildFile; fileRef = CBA165E025B0DD29007AA668 /* KeychainService.swift */; };
		CBA165E625B0DDB3007AA668 /* AuthRouter.swift in Sources */ = {isa = PBXBuildFile; fileRef = CBA165E525B0DDB2007AA668 /* AuthRouter.swift */; };
		CBA165EA25B0DDC4007AA668 /* AuthorizationManager.swift in Sources */ = {isa = PBXBuildFile; fileRef = CBA165E925B0DDC4007AA668 /* AuthorizationManager.swift */; };
		CBA165EF25B0E796007AA668 /* LoginModel.swift in Sources */ = {isa = PBXBuildFile; fileRef = CBA165EE25B0E796007AA668 /* LoginModel.swift */; };
		CBA165F325B0E85F007AA668 /* ErrorType.swift in Sources */ = {isa = PBXBuildFile; fileRef = CBA165F225B0E85F007AA668 /* ErrorType.swift */; };
/* End PBXBuildFile section */

/* Begin PBXFileReference section */
		1518AC7FF4234ED1313D9465 /* Pods_JatAppTest.framework */ = {isa = PBXFileReference; explicitFileType = wrapper.framework; includeInIndex = 0; path = Pods_JatAppTest.framework; sourceTree = BUILT_PRODUCTS_DIR; };
		52B0338AE075ADB0C3409A19 /* Pods-JatAppTest.debug.xcconfig */ = {isa = PBXFileReference; includeInIndex = 1; lastKnownFileType = text.xcconfig; name = "Pods-JatAppTest.debug.xcconfig"; path = "Target Support Files/Pods-JatAppTest/Pods-JatAppTest.debug.xcconfig"; sourceTree = "<group>"; };
		AD8038AFD2F2ACD75A0CE27A /* Pods-JatAppTest.release.xcconfig */ = {isa = PBXFileReference; includeInIndex = 1; lastKnownFileType = text.xcconfig; name = "Pods-JatAppTest.release.xcconfig"; path = "Target Support Files/Pods-JatAppTest/Pods-JatAppTest.release.xcconfig"; sourceTree = "<group>"; };
		CB2AF91425B1FBC500752411 /* SandboxRouter.swift */ = {isa = PBXFileReference; lastKnownFileType = sourcecode.swift; path = SandboxRouter.swift; sourceTree = "<group>"; };
		CB2AF91725B1FBD500752411 /* SandboxManager.swift */ = {isa = PBXFileReference; lastKnownFileType = sourcecode.swift; path = SandboxManager.swift; sourceTree = "<group>"; };
		CB2AF91B25B1FE1800752411 /* PersonModel.swift */ = {isa = PBXFileReference; lastKnownFileType = sourcecode.swift; path = PersonModel.swift; sourceTree = "<group>"; };
		CB2AF91E25B1FEA500752411 /* TextModel.swift */ = {isa = PBXFileReference; lastKnownFileType = sourcecode.swift; path = TextModel.swift; sourceTree = "<group>"; };
		CBA1656225B0CB66007AA668 /* JatAppTest.app */ = {isa = PBXFileReference; explicitFileType = wrapper.application; includeInIndex = 0; path = JatAppTest.app; sourceTree = BUILT_PRODUCTS_DIR; };
		CBA1656525B0CB66007AA668 /* AppDelegate.swift */ = {isa = PBXFileReference; lastKnownFileType = sourcecode.swift; path = AppDelegate.swift; sourceTree = "<group>"; };
		CBA1656725B0CB66007AA668 /* SceneDelegate.swift */ = {isa = PBXFileReference; lastKnownFileType = sourcecode.swift; path = SceneDelegate.swift; sourceTree = "<group>"; };
		CBA1656925B0CB66007AA668 /* ViewController.swift */ = {isa = PBXFileReference; lastKnownFileType = sourcecode.swift; path = ViewController.swift; sourceTree = "<group>"; };
		CBA1656C25B0CB66007AA668 /* Base */ = {isa = PBXFileReference; lastKnownFileType = file.storyboard; name = Base; path = Base.lproj/Main.storyboard; sourceTree = "<group>"; };
		CBA1656E25B0CB67007AA668 /* Assets.xcassets */ = {isa = PBXFileReference; lastKnownFileType = folder.assetcatalog; path = Assets.xcassets; sourceTree = "<group>"; };
		CBA1657125B0CB67007AA668 /* Base */ = {isa = PBXFileReference; lastKnownFileType = file.storyboard; name = Base; path = Base.lproj/LaunchScreen.storyboard; sourceTree = "<group>"; };
		CBA1657325B0CB67007AA668 /* Info.plist */ = {isa = PBXFileReference; lastKnownFileType = text.plist.xml; path = Info.plist; sourceTree = "<group>"; };
		CBA1658025B0CE62007AA668 /* AppStoryboard.swift */ = {isa = PBXFileReference; lastKnownFileType = sourcecode.swift; path = AppStoryboard.swift; sourceTree = "<group>"; };
		CBA1658525B0CEEF007AA668 /* ReuseIdentifying.swift */ = {isa = PBXFileReference; lastKnownFileType = sourcecode.swift; path = ReuseIdentifying.swift; sourceTree = "<group>"; };
		CBA1658B25B0CF42007AA668 /* UITableView+ReusableSupport.swift */ = {isa = PBXFileReference; lastKnownFileType = sourcecode.swift; path = "UITableView+ReusableSupport.swift"; sourceTree = "<group>"; };
		CBA1659525B0CFD9007AA668 /* Login.storyboard */ = {isa = PBXFileReference; lastKnownFileType = file.storyboard; path = Login.storyboard; sourceTree = "<group>"; };
		CBA165C925B0D979007AA668 /* APIConfiguration.swift */ = {isa = PBXFileReference; lastKnownFileType = sourcecode.swift; path = APIConfiguration.swift; sourceTree = "<group>"; };
		CBA165CD25B0DB8D007AA668 /* NetworkConstants.swift */ = {isa = PBXFileReference; lastKnownFileType = sourcecode.swift; path = NetworkConstants.swift; sourceTree = "<group>"; };
		CBA165D125B0DBEC007AA668 /* String+Visualizators.swift */ = {isa = PBXFileReference; lastKnownFileType = sourcecode.swift; path = "String+Visualizators.swift"; sourceTree = "<group>"; };
		CBA165D625B0DC74007AA668 /* CommonNetworkManager.swift */ = {isa = PBXFileReference; lastKnownFileType = sourcecode.swift; path = CommonNetworkManager.swift; sourceTree = "<group>"; };
		CBA165DC25B0DCBB007AA668 /* RequestInterceptor.swift */ = {isa = PBXFileReference; lastKnownFileType = sourcecode.swift; path = RequestInterceptor.swift; sourceTree = "<group>"; };
		CBA165E025B0DD29007AA668 /* KeychainService.swift */ = {isa = PBXFileReference; lastKnownFileType = sourcecode.swift; path = KeychainService.swift; sourceTree = "<group>"; };
		CBA165E525B0DDB2007AA668 /* AuthRouter.swift */ = {isa = PBXFileReference; lastKnownFileType = sourcecode.swift; path = AuthRouter.swift; sourceTree = "<group>"; };
		CBA165E925B0DDC4007AA668 /* AuthorizationManager.swift */ = {isa = PBXFileReference; lastKnownFileType = sourcecode.swift; path = AuthorizationManager.swift; sourceTree = "<group>"; };
		CBA165EE25B0E796007AA668 /* LoginModel.swift */ = {isa = PBXFileReference; lastKnownFileType = sourcecode.swift; path = LoginModel.swift; sourceTree = "<group>"; };
		CBA165F225B0E85F007AA668 /* ErrorType.swift */ = {isa = PBXFileReference; lastKnownFileType = sourcecode.swift; path = ErrorType.swift; sourceTree = "<group>"; };
/* End PBXFileReference section */

/* Begin PBXFrameworksBuildPhase section */
		CBA1655F25B0CB66007AA668 /* Frameworks */ = {
			isa = PBXFrameworksBuildPhase;
			buildActionMask = 2147483647;
			files = (
				44F1CE2E6B85F6AD21E21202 /* Pods_JatAppTest.framework in Frameworks */,
			);
			runOnlyForDeploymentPostprocessing = 0;
		};
/* End PBXFrameworksBuildPhase section */

/* Begin PBXGroup section */
		0DECF34EA19D8F67E8643BE9 /* Pods */ = {
			isa = PBXGroup;
			children = (
				52B0338AE075ADB0C3409A19 /* Pods-JatAppTest.debug.xcconfig */,
				AD8038AFD2F2ACD75A0CE27A /* Pods-JatAppTest.release.xcconfig */,
			);
			path = Pods;
			sourceTree = "<group>";
		};
		2CCB4C0E542A7122B5C4946D /* Frameworks */ = {
			isa = PBXGroup;
			children = (
				1518AC7FF4234ED1313D9465 /* Pods_JatAppTest.framework */,
			);
			name = Frameworks;
			sourceTree = "<group>";
		};
		CB2AF91125B1FBA000752411 /* Managers */ = {
			isa = PBXGroup;
			children = (
				CB2AF91225B1FBA900752411 /* Sandbox */,
				CBA165E425B0DD8F007AA668 /* Auth */,
			);
			path = Managers;
			sourceTree = "<group>";
		};
		CB2AF91225B1FBA900752411 /* Sandbox */ = {
			isa = PBXGroup;
			children = (
				CB2AF91325B1FBBB00752411 /* Models */,
				CB2AF91425B1FBC500752411 /* SandboxRouter.swift */,
				CB2AF91725B1FBD500752411 /* SandboxManager.swift */,
			);
			path = Sandbox;
			sourceTree = "<group>";
		};
		CB2AF91325B1FBBB00752411 /* Models */ = {
			isa = PBXGroup;
			children = (
				CB2AF91B25B1FE1800752411 /* PersonModel.swift */,
				CB2AF91E25B1FEA500752411 /* TextModel.swift */,
			);
			path = Models;
			sourceTree = "<group>";
		};
		CBA1655925B0CB66007AA668 = {
			isa = PBXGroup;
			children = (
				CBA1656425B0CB66007AA668 /* JatAppTest */,
				CBA1656325B0CB66007AA668 /* Products */,
				0DECF34EA19D8F67E8643BE9 /* Pods */,
				2CCB4C0E542A7122B5C4946D /* Frameworks */,
			);
			sourceTree = "<group>";
		};
		CBA1656325B0CB66007AA668 /* Products */ = {
			isa = PBXGroup;
			children = (
				CBA1656225B0CB66007AA668 /* JatAppTest.app */,
			);
			name = Products;
			sourceTree = "<group>";
		};
		CBA1656425B0CB66007AA668 /* JatAppTest */ = {
			isa = PBXGroup;
			children = (
				CBA165DF25B0DD20007AA668 /* Services */,
				CBA165C725B0D960007AA668 /* NetworkLayer */,
				CBA1658F25B0CFAF007AA668 /* Scenes */,
				CBA1658925B0CF28007AA668 /* Extensions */,
				CBA1657E25B0CE54007AA668 /* Helpers */,
				CBA1656525B0CB66007AA668 /* AppDelegate.swift */,
				CBA1656725B0CB66007AA668 /* SceneDelegate.swift */,
				CBA1656925B0CB66007AA668 /* ViewController.swift */,
				CBA1656B25B0CB66007AA668 /* Main.storyboard */,
				CBA1656E25B0CB67007AA668 /* Assets.xcassets */,
				CBA1657025B0CB67007AA668 /* LaunchScreen.storyboard */,
				CBA1657325B0CB67007AA668 /* Info.plist */,
			);
			path = JatAppTest;
			sourceTree = "<group>";
		};
		CBA1657E25B0CE54007AA668 /* Helpers */ = {
			isa = PBXGroup;
			children = (
				CBA1658325B0CED6007AA668 /* Collections */,
				CBA1657F25B0CE59007AA668 /* Storyboard */,
			);
			path = Helpers;
			sourceTree = "<group>";
		};
		CBA1657F25B0CE59007AA668 /* Storyboard */ = {
			isa = PBXGroup;
			children = (
				CBA1658025B0CE62007AA668 /* AppStoryboard.swift */,
			);
			path = Storyboard;
			sourceTree = "<group>";
		};
		CBA1658325B0CED6007AA668 /* Collections */ = {
			isa = PBXGroup;
			children = (
				CBA1658525B0CEEF007AA668 /* ReuseIdentifying.swift */,
			);
			path = Collections;
			sourceTree = "<group>";
		};
		CBA1658925B0CF28007AA668 /* Extensions */ = {
			isa = PBXGroup;
			children = (
				CBA165D025B0DBD5007AA668 /* String */,
				CBA1658A25B0CF32007AA668 /* Collections */,
			);
			path = Extensions;
			sourceTree = "<group>";
		};
		CBA1658A25B0CF32007AA668 /* Collections */ = {
			isa = PBXGroup;
			children = (
				CBA1658B25B0CF42007AA668 /* UITableView+ReusableSupport.swift */,
			);
			path = Collections;
			sourceTree = "<group>";
		};
		CBA1658F25B0CFAF007AA668 /* Scenes */ = {
			isa = PBXGroup;
			children = (
				CBA1659325B0CFC5007AA668 /* Main */,
				CBA1659025B0CFB3007AA668 /* Authorization */,
			);
			path = Scenes;
			sourceTree = "<group>";
		};
		CBA1659025B0CFB3007AA668 /* Authorization */ = {
			isa = PBXGroup;
			children = (
				CBA1659225B0CFC0007AA668 /* SignUp */,
				CBA1659125B0CFBD007AA668 /* Login */,
			);
			path = Authorization;
			sourceTree = "<group>";
		};
		CBA1659125B0CFBD007AA668 /* Login */ = {
			isa = PBXGroup;
			children = (
				CBA1659425B0CFCF007AA668 /* View */,
			);
			path = Login;
			sourceTree = "<group>";
		};
		CBA1659225B0CFC0007AA668 /* SignUp */ = {
			isa = PBXGroup;
			children = (
			);
			path = SignUp;
			sourceTree = "<group>";
		};
		CBA1659325B0CFC5007AA668 /* Main */ = {
			isa = PBXGroup;
			children = (
			);
			path = Main;
			sourceTree = "<group>";
		};
		CBA1659425B0CFCF007AA668 /* View */ = {
			isa = PBXGroup;
			children = (
				CBA1659525B0CFD9007AA668 /* Login.storyboard */,
			);
			path = View;
			sourceTree = "<group>";
		};
		CBA165C725B0D960007AA668 /* NetworkLayer */ = {
			isa = PBXGroup;
			children = (
				CBA165E325B0DD84007AA668 /* NetworkService */,
				CBA165DB25B0DCB0007AA668 /* RequestInterceptor */,
				CBA165C825B0D96F007AA668 /* Configuration */,
				CBA165CD25B0DB8D007AA668 /* NetworkConstants.swift */,
				CBA165D625B0DC74007AA668 /* CommonNetworkManager.swift */,
			);
			path = NetworkLayer;
			sourceTree = "<group>";
		};
		CBA165C825B0D96F007AA668 /* Configuration */ = {
			isa = PBXGroup;
			children = (
				CBA165C925B0D979007AA668 /* APIConfiguration.swift */,
			);
			path = Configuration;
			sourceTree = "<group>";
		};
		CBA165D025B0DBD5007AA668 /* String */ = {
			isa = PBXGroup;
			children = (
				CBA165D125B0DBEC007AA668 /* String+Visualizators.swift */,
			);
			path = String;
			sourceTree = "<group>";
		};
		CBA165DB25B0DCB0007AA668 /* RequestInterceptor */ = {
			isa = PBXGroup;
			children = (
				CBA165DC25B0DCBB007AA668 /* RequestInterceptor.swift */,
			);
			path = RequestInterceptor;
			sourceTree = "<group>";
		};
		CBA165DF25B0DD20007AA668 /* Services */ = {
			isa = PBXGroup;
			children = (
				CBA165E025B0DD29007AA668 /* KeychainService.swift */,
			);
			path = Services;
			sourceTree = "<group>";
		};
		CBA165E325B0DD84007AA668 /* NetworkService */ = {
			isa = PBXGroup;
			children = (
				CB2AF91125B1FBA000752411 /* Managers */,
				CBA165F125B0E852007AA668 /* Errors */,
			);
			path = NetworkService;
			sourceTree = "<group>";
		};
		CBA165E425B0DD8F007AA668 /* Auth */ = {
			isa = PBXGroup;
			children = (
				CBA165EC25B0E0DF007AA668 /* Models */,
				CBA165E525B0DDB2007AA668 /* AuthRouter.swift */,
				CBA165E925B0DDC4007AA668 /* AuthorizationManager.swift */,
			);
			path = Auth;
			sourceTree = "<group>";
		};
		CBA165EC25B0E0DF007AA668 /* Models */ = {
			isa = PBXGroup;
			children = (
				CBA165EE25B0E796007AA668 /* LoginModel.swift */,
			);
			path = Models;
			sourceTree = "<group>";
		};
		CBA165F125B0E852007AA668 /* Errors */ = {
			isa = PBXGroup;
			children = (
				CBA165F225B0E85F007AA668 /* ErrorType.swift */,
			);
			path = Errors;
			sourceTree = "<group>";
		};
/* End PBXGroup section */

/* Begin PBXNativeTarget section */
		CBA1656125B0CB66007AA668 /* JatAppTest */ = {
			isa = PBXNativeTarget;
			buildConfigurationList = CBA1657625B0CB67007AA668 /* Build configuration list for PBXNativeTarget "JatAppTest" */;
			buildPhases = (
				8406733D31B3B030696319E6 /* [CP] Check Pods Manifest.lock */,
				CBA1655E25B0CB66007AA668 /* Sources */,
				CBA1655F25B0CB66007AA668 /* Frameworks */,
				CBA1656025B0CB66007AA668 /* Resources */,
				3C75C00E7D2CB2EF086CA8AE /* [CP] Embed Pods Frameworks */,
			);
			buildRules = (
			);
			dependencies = (
			);
			name = JatAppTest;
			productName = JatAppTest;
			productReference = CBA1656225B0CB66007AA668 /* JatAppTest.app */;
			productType = "com.apple.product-type.application";
		};
/* End PBXNativeTarget section */

/* Begin PBXProject section */
		CBA1655A25B0CB66007AA668 /* Project object */ = {
			isa = PBXProject;
			attributes = {
				LastSwiftUpdateCheck = 1220;
				LastUpgradeCheck = 1220;
				TargetAttributes = {
					CBA1656125B0CB66007AA668 = {
						CreatedOnToolsVersion = 12.2;
					};
				};
			};
			buildConfigurationList = CBA1655D25B0CB66007AA668 /* Build configuration list for PBXProject "JatAppTest" */;
			compatibilityVersion = "Xcode 9.3";
			developmentRegion = en;
			hasScannedForEncodings = 0;
			knownRegions = (
				en,
				Base,
			);
			mainGroup = CBA1655925B0CB66007AA668;
			productRefGroup = CBA1656325B0CB66007AA668 /* Products */;
			projectDirPath = "";
			projectRoot = "";
			targets = (
				CBA1656125B0CB66007AA668 /* JatAppTest */,
			);
		};
/* End PBXProject section */

/* Begin PBXResourcesBuildPhase section */
		CBA1656025B0CB66007AA668 /* Resources */ = {
			isa = PBXResourcesBuildPhase;
			buildActionMask = 2147483647;
			files = (
				CBA1657225B0CB67007AA668 /* LaunchScreen.storyboard in Resources */,
				CBA1656F25B0CB67007AA668 /* Assets.xcassets in Resources */,
				CBA1656D25B0CB66007AA668 /* Main.storyboard in Resources */,
			);
			runOnlyForDeploymentPostprocessing = 0;
		};
/* End PBXResourcesBuildPhase section */

/* Begin PBXShellScriptBuildPhase section */
		3C75C00E7D2CB2EF086CA8AE /* [CP] Embed Pods Frameworks */ = {
			isa = PBXShellScriptBuildPhase;
			buildActionMask = 2147483647;
			files = (
			);
			inputFileListPaths = (
				"${PODS_ROOT}/Target Support Files/Pods-JatAppTest/Pods-JatAppTest-frameworks-${CONFIGURATION}-input-files.xcfilelist",
			);
			name = "[CP] Embed Pods Frameworks";
			outputFileListPaths = (
				"${PODS_ROOT}/Target Support Files/Pods-JatAppTest/Pods-JatAppTest-frameworks-${CONFIGURATION}-output-files.xcfilelist",
			);
			runOnlyForDeploymentPostprocessing = 0;
			shellPath = /bin/sh;
			shellScript = "\"${PODS_ROOT}/Target Support Files/Pods-JatAppTest/Pods-JatAppTest-frameworks.sh\"\n";
			showEnvVarsInLog = 0;
		};
		8406733D31B3B030696319E6 /* [CP] Check Pods Manifest.lock */ = {
			isa = PBXShellScriptBuildPhase;
			buildActionMask = 2147483647;
			files = (
			);
			inputFileListPaths = (
			);
			inputPaths = (
				"${PODS_PODFILE_DIR_PATH}/Podfile.lock",
				"${PODS_ROOT}/Manifest.lock",
			);
			name = "[CP] Check Pods Manifest.lock";
			outputFileListPaths = (
			);
			outputPaths = (
				"$(DERIVED_FILE_DIR)/Pods-JatAppTest-checkManifestLockResult.txt",
			);
			runOnlyForDeploymentPostprocessing = 0;
			shellPath = /bin/sh;
			shellScript = "diff \"${PODS_PODFILE_DIR_PATH}/Podfile.lock\" \"${PODS_ROOT}/Manifest.lock\" > /dev/null\nif [ $? != 0 ] ; then\n    # print error to STDERR\n    echo \"error: The sandbox is not in sync with the Podfile.lock. Run 'pod install' or update your CocoaPods installation.\" >&2\n    exit 1\nfi\n# This output is used by Xcode 'outputs' to avoid re-running this script phase.\necho \"SUCCESS\" > \"${SCRIPT_OUTPUT_FILE_0}\"\n";
			showEnvVarsInLog = 0;
		};
/* End PBXShellScriptBuildPhase section */

/* Begin PBXSourcesBuildPhase section */
		CBA1655E25B0CB66007AA668 /* Sources */ = {
			isa = PBXSourcesBuildPhase;
			buildActionMask = 2147483647;
			files = (
				CB2AF91525B1FBC500752411 /* SandboxRouter.swift in Sources */,
				CBA165DD25B0DCBB007AA668 /* RequestInterceptor.swift in Sources */,
				CBA165D725B0DC74007AA668 /* CommonNetworkManager.swift in Sources */,
				CB2AF91825B1FBD500752411 /* SandboxManager.swift in Sources */,
				CBA165CE25B0DB8D007AA668 /* NetworkConstants.swift in Sources */,
				CBA1658125B0CE62007AA668 /* AppStoryboard.swift in Sources */,
				CBA1656A25B0CB66007AA668 /* ViewController.swift in Sources */,
				CBA165E125B0DD29007AA668 /* KeychainService.swift in Sources */,
				CBA165F325B0E85F007AA668 /* ErrorType.swift in Sources */,
				CBA1656625B0CB66007AA668 /* AppDelegate.swift in Sources */,
				CBA1656825B0CB66007AA668 /* SceneDelegate.swift in Sources */,
				CBA165E625B0DDB3007AA668 /* AuthRouter.swift in Sources */,
				CBA165EA25B0DDC4007AA668 /* AuthorizationManager.swift in Sources */,
				CBA165EF25B0E796007AA668 /* LoginModel.swift in Sources */,
				CBA165D225B0DBEC007AA668 /* String+Visualizators.swift in Sources */,
				CBA1658C25B0CF42007AA668 /* UITableView+ReusableSupport.swift in Sources */,
				CB2AF91F25B1FEA500752411 /* TextModel.swift in Sources */,
				CB2AF91C25B1FE1800752411 /* PersonModel.swift in Sources */,
				CBA165CA25B0D979007AA668 /* APIConfiguration.swift in Sources */,
				CBA1658625B0CEEF007AA668 /* ReuseIdentifying.swift in Sources */,
			);
			runOnlyForDeploymentPostprocessing = 0;
		};
/* End PBXSourcesBuildPhase section */

/* Begin PBXVariantGroup section */
		CBA1656B25B0CB66007AA668 /* Main.storyboard */ = {
			isa = PBXVariantGroup;
			children = (
				CBA1656C25B0CB66007AA668 /* Base */,
			);
			name = Main.storyboard;
			sourceTree = "<group>";
		};
		CBA1657025B0CB67007AA668 /* LaunchScreen.storyboard */ = {
			isa = PBXVariantGroup;
			children = (
				CBA1657125B0CB67007AA668 /* Base */,
			);
			name = LaunchScreen.storyboard;
			sourceTree = "<group>";
		};
/* End PBXVariantGroup section */

/* Begin XCBuildConfiguration section */
		CBA1657425B0CB67007AA668 /* Debug */ = {
			isa = XCBuildConfiguration;
			buildSettings = {
				ALWAYS_SEARCH_USER_PATHS = NO;
				CLANG_ANALYZER_NONNULL = YES;
				CLANG_ANALYZER_NUMBER_OBJECT_CONVERSION = YES_AGGRESSIVE;
				CLANG_CXX_LANGUAGE_STANDARD = "gnu++14";
				CLANG_CXX_LIBRARY = "libc++";
				CLANG_ENABLE_MODULES = YES;
				CLANG_ENABLE_OBJC_ARC = YES;
				CLANG_ENABLE_OBJC_WEAK = YES;
				CLANG_WARN_BLOCK_CAPTURE_AUTORELEASING = YES;
				CLANG_WARN_BOOL_CONVERSION = YES;
				CLANG_WARN_COMMA = YES;
				CLANG_WARN_CONSTANT_CONVERSION = YES;
				CLANG_WARN_DEPRECATED_OBJC_IMPLEMENTATIONS = YES;
				CLANG_WARN_DIRECT_OBJC_ISA_USAGE = YES_ERROR;
				CLANG_WARN_DOCUMENTATION_COMMENTS = YES;
				CLANG_WARN_EMPTY_BODY = YES;
				CLANG_WARN_ENUM_CONVERSION = YES;
				CLANG_WARN_INFINITE_RECURSION = YES;
				CLANG_WARN_INT_CONVERSION = YES;
				CLANG_WARN_NON_LITERAL_NULL_CONVERSION = YES;
				CLANG_WARN_OBJC_IMPLICIT_RETAIN_SELF = YES;
				CLANG_WARN_OBJC_LITERAL_CONVERSION = YES;
				CLANG_WARN_OBJC_ROOT_CLASS = YES_ERROR;
				CLANG_WARN_QUOTED_INCLUDE_IN_FRAMEWORK_HEADER = YES;
				CLANG_WARN_RANGE_LOOP_ANALYSIS = YES;
				CLANG_WARN_STRICT_PROTOTYPES = YES;
				CLANG_WARN_SUSPICIOUS_MOVE = YES;
				CLANG_WARN_UNGUARDED_AVAILABILITY = YES_AGGRESSIVE;
				CLANG_WARN_UNREACHABLE_CODE = YES;
				CLANG_WARN__DUPLICATE_METHOD_MATCH = YES;
				COPY_PHASE_STRIP = NO;
				DEBUG_INFORMATION_FORMAT = dwarf;
				ENABLE_STRICT_OBJC_MSGSEND = YES;
				ENABLE_TESTABILITY = YES;
				GCC_C_LANGUAGE_STANDARD = gnu11;
				GCC_DYNAMIC_NO_PIC = NO;
				GCC_NO_COMMON_BLOCKS = YES;
				GCC_OPTIMIZATION_LEVEL = 0;
				GCC_PREPROCESSOR_DEFINITIONS = (
					"DEBUG=1",
					"$(inherited)",
				);
				GCC_WARN_64_TO_32_BIT_CONVERSION = YES;
				GCC_WARN_ABOUT_RETURN_TYPE = YES_ERROR;
				GCC_WARN_UNDECLARED_SELECTOR = YES;
				GCC_WARN_UNINITIALIZED_AUTOS = YES_AGGRESSIVE;
				GCC_WARN_UNUSED_FUNCTION = YES;
				GCC_WARN_UNUSED_VARIABLE = YES;
				IPHONEOS_DEPLOYMENT_TARGET = 14.2;
				MTL_ENABLE_DEBUG_INFO = INCLUDE_SOURCE;
				MTL_FAST_MATH = YES;
				ONLY_ACTIVE_ARCH = YES;
				SDKROOT = iphoneos;
				SWIFT_ACTIVE_COMPILATION_CONDITIONS = DEBUG;
				SWIFT_OPTIMIZATION_LEVEL = "-Onone";
			};
			name = Debug;
		};
		CBA1657525B0CB67007AA668 /* Release */ = {
			isa = XCBuildConfiguration;
			buildSettings = {
				ALWAYS_SEARCH_USER_PATHS = NO;
				CLANG_ANALYZER_NONNULL = YES;
				CLANG_ANALYZER_NUMBER_OBJECT_CONVERSION = YES_AGGRESSIVE;
				CLANG_CXX_LANGUAGE_STANDARD = "gnu++14";
				CLANG_CXX_LIBRARY = "libc++";
				CLANG_ENABLE_MODULES = YES;
				CLANG_ENABLE_OBJC_ARC = YES;
				CLANG_ENABLE_OBJC_WEAK = YES;
				CLANG_WARN_BLOCK_CAPTURE_AUTORELEASING = YES;
				CLANG_WARN_BOOL_CONVERSION = YES;
				CLANG_WARN_COMMA = YES;
				CLANG_WARN_CONSTANT_CONVERSION = YES;
				CLANG_WARN_DEPRECATED_OBJC_IMPLEMENTATIONS = YES;
				CLANG_WARN_DIRECT_OBJC_ISA_USAGE = YES_ERROR;
				CLANG_WARN_DOCUMENTATION_COMMENTS = YES;
				CLANG_WARN_EMPTY_BODY = YES;
				CLANG_WARN_ENUM_CONVERSION = YES;
				CLANG_WARN_INFINITE_RECURSION = YES;
				CLANG_WARN_INT_CONVERSION = YES;
				CLANG_WARN_NON_LITERAL_NULL_CONVERSION = YES;
				CLANG_WARN_OBJC_IMPLICIT_RETAIN_SELF = YES;
				CLANG_WARN_OBJC_LITERAL_CONVERSION = YES;
				CLANG_WARN_OBJC_ROOT_CLASS = YES_ERROR;
				CLANG_WARN_QUOTED_INCLUDE_IN_FRAMEWORK_HEADER = YES;
				CLANG_WARN_RANGE_LOOP_ANALYSIS = YES;
				CLANG_WARN_STRICT_PROTOTYPES = YES;
				CLANG_WARN_SUSPICIOUS_MOVE = YES;
				CLANG_WARN_UNGUARDED_AVAILABILITY = YES_AGGRESSIVE;
				CLANG_WARN_UNREACHABLE_CODE = YES;
				CLANG_WARN__DUPLICATE_METHOD_MATCH = YES;
				COPY_PHASE_STRIP = NO;
				DEBUG_INFORMATION_FORMAT = "dwarf-with-dsym";
				ENABLE_NS_ASSERTIONS = NO;
				ENABLE_STRICT_OBJC_MSGSEND = YES;
				GCC_C_LANGUAGE_STANDARD = gnu11;
				GCC_NO_COMMON_BLOCKS = YES;
				GCC_WARN_64_TO_32_BIT_CONVERSION = YES;
				GCC_WARN_ABOUT_RETURN_TYPE = YES_ERROR;
				GCC_WARN_UNDECLARED_SELECTOR = YES;
				GCC_WARN_UNINITIALIZED_AUTOS = YES_AGGRESSIVE;
				GCC_WARN_UNUSED_FUNCTION = YES;
				GCC_WARN_UNUSED_VARIABLE = YES;
				IPHONEOS_DEPLOYMENT_TARGET = 14.2;
				MTL_ENABLE_DEBUG_INFO = NO;
				MTL_FAST_MATH = YES;
				SDKROOT = iphoneos;
				SWIFT_COMPILATION_MODE = wholemodule;
				SWIFT_OPTIMIZATION_LEVEL = "-O";
				VALIDATE_PRODUCT = YES;
			};
			name = Release;
		};
		CBA1657725B0CB67007AA668 /* Debug */ = {
			isa = XCBuildConfiguration;
			baseConfigurationReference = 52B0338AE075ADB0C3409A19 /* Pods-JatAppTest.debug.xcconfig */;
			buildSettings = {
				ASSETCATALOG_COMPILER_APPICON_NAME = AppIcon;
				ASSETCATALOG_COMPILER_GLOBAL_ACCENT_COLOR_NAME = AccentColor;
				CODE_SIGN_STYLE = Automatic;
				DEVELOPMENT_TEAM = 9XAQ6UUG5Z;
				INFOPLIST_FILE = JatAppTest/Info.plist;
				LD_RUNPATH_SEARCH_PATHS = (
					"$(inherited)",
					"@executable_path/Frameworks",
				);
				PRODUCT_BUNDLE_IDENTIFIER = com.val.ios.JatAppTest;
				PRODUCT_NAME = "$(TARGET_NAME)";
				SWIFT_VERSION = 5.0;
				TARGETED_DEVICE_FAMILY = "1,2";
			};
			name = Debug;
		};
		CBA1657825B0CB67007AA668 /* Release */ = {
			isa = XCBuildConfiguration;
			baseConfigurationReference = AD8038AFD2F2ACD75A0CE27A /* Pods-JatAppTest.release.xcconfig */;
			buildSettings = {
				ASSETCATALOG_COMPILER_APPICON_NAME = AppIcon;
				ASSETCATALOG_COMPILER_GLOBAL_ACCENT_COLOR_NAME = AccentColor;
				CODE_SIGN_STYLE = Automatic;
				DEVELOPMENT_TEAM = 9XAQ6UUG5Z;
				INFOPLIST_FILE = JatAppTest/Info.plist;
				LD_RUNPATH_SEARCH_PATHS = (
					"$(inherited)",
					"@executable_path/Frameworks",
				);
				PRODUCT_BUNDLE_IDENTIFIER = com.val.ios.JatAppTest;
				PRODUCT_NAME = "$(TARGET_NAME)";
				SWIFT_VERSION = 5.0;
				TARGETED_DEVICE_FAMILY = "1,2";
			};
			name = Release;
		};
/* End XCBuildConfiguration section */

/* Begin XCConfigurationList section */
		CBA1655D25B0CB66007AA668 /* Build configuration list for PBXProject "JatAppTest" */ = {
			isa = XCConfigurationList;
			buildConfigurations = (
				CBA1657425B0CB67007AA668 /* Debug */,
				CBA1657525B0CB67007AA668 /* Release */,
			);
			defaultConfigurationIsVisible = 0;
			defaultConfigurationName = Release;
		};
		CBA1657625B0CB67007AA668 /* Build configuration list for PBXNativeTarget "JatAppTest" */ = {
			isa = XCConfigurationList;
			buildConfigurations = (
				CBA1657725B0CB67007AA668 /* Debug */,
				CBA1657825B0CB67007AA668 /* Release */,
			);
			defaultConfigurationIsVisible = 0;
			defaultConfigurationName = Release;
		};
/* End XCConfigurationList section */
	};
	rootObject = CBA1655A25B0CB66007AA668 /* Project object */;
}
